
Microsoft Visual Studio Solution File, Format Version 12.00
# Visual Studio Version 17
VisualStudioVersion = 17.5.33516.290
MinimumVisualStudioVersion = 10.0.40219.1
Project("{9A19103F-16F7-4668-BE54-9A1E7A4F7556}") = "Dotnet.TestOverflow", "src\Dotnet.TestOverflow\Dotnet.TestOverflow.csproj", "{C031C8EE-21B3-41EB-B75D-7F3893B23D4A}"
EndProject
Project("{2150E333-8FDC-42A3-9474-1A3956D46DE8}") = "src", "src", "{3CB896B2-048E-440D-8723-CBE1C0A4B9C2}"
EndProject
Project("{2150E333-8FDC-42A3-9474-1A3956D46DE8}") = "tests", "tests", "{52DA289B-99A5-4C4F-96AD-CD8F121B24E7}"
EndProject
Global
	GlobalSection(SolutionConfigurationPlatforms) = preSolution
		Debug|Any CPU = Debug|Any CPU
		Release|Any CPU = Release|Any CPU
	EndGlobalSection
	GlobalSection(ProjectConfigurationPlatforms) = postSolution
		{C031C8EE-21B3-41EB-B75D-7F3893B23D4A}.Debug|Any CPU.ActiveCfg = Debug|Any CPU
		{C031C8EE-21B3-41EB-B75D-7F3893B23D4A}.Debug|Any CPU.Build.0 = Debug|Any CPU
		{C031C8EE-21B3-41EB-B75D-7F3893B23D4A}.Release|Any CPU.ActiveCfg = Release|Any CPU
		{C031C8EE-21B3-41EB-B75D-7F3893B23D4A}.Release|Any CPU.Build.0 = Release|Any CPU
	EndGlobalSection
	GlobalSection(SolutionProperties) = preSolution
		HideSolutionNode = FALSE
	EndGlobalSection
	GlobalSection(NestedProjects) = preSolution
		{C031C8EE-21B3-41EB-B75D-7F3893B23D4A} = {3CB896B2-048E-440D-8723-CBE1C0A4B9C2}
	EndGlobalSection
	GlobalSection(ExtensibilityGlobals) = postSolution
		SolutionGuid = {748AE686-9DAC-4D58-8550-E2C806346D8C}
	EndGlobalSection
EndGlobal
